// !$*UTF8*$!
{
	archiveVersion = 1;
	classes = {
	};
	objectVersion = 56;
	objects = {

/* Begin PBXBuildFile section */
		3B0EBBD02A0A6CE800706F15 /* Artist.swift in Sources */ = {isa = PBXBuildFile; fileRef = 3B0EBBCF2A0A6CE800706F15 /* Artist.swift */; };
		3B0EBBD32A0A6FE100706F15 /* TracksViewController.swift in Sources */ = {isa = PBXBuildFile; fileRef = 3B0EBBD22A0A6FE100706F15 /* TracksViewController.swift */; };
		3B7D2FE02A08EDE400604352 /* AppDelegate.swift in Sources */ = {isa = PBXBuildFile; fileRef = 3B7D2FDF2A08EDE400604352 /* AppDelegate.swift */; };
		3B7D2FE22A08EDE400604352 /* SceneDelegate.swift in Sources */ = {isa = PBXBuildFile; fileRef = 3B7D2FE12A08EDE400604352 /* SceneDelegate.swift */; };
		3B7D2FE42A08EDE400604352 /* ViewController.swift in Sources */ = {isa = PBXBuildFile; fileRef = 3B7D2FE32A08EDE400604352 /* ViewController.swift */; };
		3B7D2FE72A08EDE400604352 /* Main.storyboard in Resources */ = {isa = PBXBuildFile; fileRef = 3B7D2FE52A08EDE400604352 /* Main.storyboard */; };
		3B7D2FEA2A08EDE400604352 /* Appcent_Case.xcdatamodeld in Sources */ = {isa = PBXBuildFile; fileRef = 3B7D2FE82A08EDE400604352 /* Appcent_Case.xcdatamodeld */; };
		3B7D2FEC2A08EDE500604352 /* Assets.xcassets in Resources */ = {isa = PBXBuildFile; fileRef = 3B7D2FEB2A08EDE500604352 /* Assets.xcassets */; };
		3B7D2FEF2A08EDE500604352 /* LaunchScreen.storyboard in Resources */ = {isa = PBXBuildFile; fileRef = 3B7D2FED2A08EDE500604352 /* LaunchScreen.storyboard */; };
		3B7D2FFA2A08F13200604352 /* CategoriesCollectionViewCell.swift in Sources */ = {isa = PBXBuildFile; fileRef = 3B7D2FF82A08F13200604352 /* CategoriesCollectionViewCell.swift */; };
		3B7D2FFB2A08F13200604352 /* CategoriesCollectionViewCell.xib in Resources */ = {isa = PBXBuildFile; fileRef = 3B7D2FF92A08F13200604352 /* CategoriesCollectionViewCell.xib */; };
		3B92A0D12A09269B00E0FA90 /* ArtistViewController.swift in Sources */ = {isa = PBXBuildFile; fileRef = 3B92A0D02A09269B00E0FA90 /* ArtistViewController.swift */; };
		3B92A0D92A093DC200E0FA90 /* AlbumsCollectionViewCell.swift in Sources */ = {isa = PBXBuildFile; fileRef = 3B92A0D72A093DC200E0FA90 /* AlbumsCollectionViewCell.swift */; };
		3B92A0DA2A093DC200E0FA90 /* AlbumsCollectionViewCell.xib in Resources */ = {isa = PBXBuildFile; fileRef = 3B92A0D82A093DC200E0FA90 /* AlbumsCollectionViewCell.xib */; };
		3B92A0DE2A094FD200E0FA90 /* Album.swift in Sources */ = {isa = PBXBuildFile; fileRef = 3B92A0DD2A094FD200E0FA90 /* Album.swift */; };
		3B92A0E02A09965B00E0FA90 /* AlbumsViewController.swift in Sources */ = {isa = PBXBuildFile; fileRef = 3B92A0DF2A09965B00E0FA90 /* AlbumsViewController.swift */; };
		3BD384DB2A0BB11900D37A52 /* LikedTracksViewController.swift in Sources */ = {isa = PBXBuildFile; fileRef = 3BD384DA2A0BB11900D37A52 /* LikedTracksViewController.swift */; };
		3BE10A6D2A0A79940089771F /* Track.swift in Sources */ = {isa = PBXBuildFile; fileRef = 3BE10A6C2A0A79940089771F /* Track.swift */; };
		3BEDB92F2A0AE3C500F87D90 /* TracksCollectionViewCell.swift in Sources */ = {isa = PBXBuildFile; fileRef = 3BEDB92D2A0AE3C500F87D90 /* TracksCollectionViewCell.swift */; };
		3BEDB9302A0AE3C500F87D90 /* TracksCollectionViewCell.xib in Resources */ = {isa = PBXBuildFile; fileRef = 3BEDB92E2A0AE3C500F87D90 /* TracksCollectionViewCell.xib */; };
		3BEE706D2A08F7920011E320 /* CardView.swift in Sources */ = {isa = PBXBuildFile; fileRef = 3BEE706C2A08F7920011E320 /* CardView.swift */; };
		3BEE70732A0904260011E320 /* Genre.swift in Sources */ = {isa = PBXBuildFile; fileRef = 3BEE70722A0904260011E320 /* Genre.swift */; };
/* End PBXBuildFile section */

/* Begin PBXFileReference section */
		3B0EBBCF2A0A6CE800706F15 /* Artist.swift */ = {isa = PBXFileReference; lastKnownFileType = sourcecode.swift; path = Artist.swift; sourceTree = "<group>"; };
		3B0EBBD22A0A6FE100706F15 /* TracksViewController.swift */ = {isa = PBXFileReference; lastKnownFileType = sourcecode.swift; path = TracksViewController.swift; sourceTree = "<group>"; };
		3B7D2FDC2A08EDE400604352 /* Appcent-Case.app */ = {isa = PBXFileReference; explicitFileType = wrapper.application; includeInIndex = 0; path = "Appcent-Case.app"; sourceTree = BUILT_PRODUCTS_DIR; };
		3B7D2FDF2A08EDE400604352 /* AppDelegate.swift */ = {isa = PBXFileReference; lastKnownFileType = sourcecode.swift; path = AppDelegate.swift; sourceTree = "<group>"; };
		3B7D2FE12A08EDE400604352 /* SceneDelegate.swift */ = {isa = PBXFileReference; lastKnownFileType = sourcecode.swift; path = SceneDelegate.swift; sourceTree = "<group>"; };
		3B7D2FE32A08EDE400604352 /* ViewController.swift */ = {isa = PBXFileReference; lastKnownFileType = sourcecode.swift; path = ViewController.swift; sourceTree = "<group>"; };
		3B7D2FE62A08EDE400604352 /* Base */ = {isa = PBXFileReference; lastKnownFileType = file.storyboard; name = Base; path = Base.lproj/Main.storyboard; sourceTree = "<group>"; };
		3B7D2FE92A08EDE400604352 /* Appcent_Case.xcdatamodel */ = {isa = PBXFileReference; lastKnownFileType = wrapper.xcdatamodel; path = Appcent_Case.xcdatamodel; sourceTree = "<group>"; };
		3B7D2FEB2A08EDE500604352 /* Assets.xcassets */ = {isa = PBXFileReference; lastKnownFileType = folder.assetcatalog; path = Assets.xcassets; sourceTree = "<group>"; };
		3B7D2FEE2A08EDE500604352 /* Base */ = {isa = PBXFileReference; lastKnownFileType = file.storyboard; name = Base; path = Base.lproj/LaunchScreen.storyboard; sourceTree = "<group>"; };
		3B7D2FF02A08EDE500604352 /* Info.plist */ = {isa = PBXFileReference; lastKnownFileType = text.plist.xml; path = Info.plist; sourceTree = "<group>"; };
		3B7D2FF82A08F13200604352 /* CategoriesCollectionViewCell.swift */ = {isa = PBXFileReference; lastKnownFileType = sourcecode.swift; path = CategoriesCollectionViewCell.swift; sourceTree = "<group>"; };
		3B7D2FF92A08F13200604352 /* CategoriesCollectionViewCell.xib */ = {isa = PBXFileReference; lastKnownFileType = file.xib; path = CategoriesCollectionViewCell.xib; sourceTree = "<group>"; };
		3B92A0D02A09269B00E0FA90 /* ArtistViewController.swift */ = {isa = PBXFileReference; lastKnownFileType = sourcecode.swift; path = ArtistViewController.swift; sourceTree = "<group>"; };
		3B92A0D72A093DC200E0FA90 /* AlbumsCollectionViewCell.swift */ = {isa = PBXFileReference; lastKnownFileType = sourcecode.swift; path = AlbumsCollectionViewCell.swift; sourceTree = "<group>"; };
		3B92A0D82A093DC200E0FA90 /* AlbumsCollectionViewCell.xib */ = {isa = PBXFileReference; lastKnownFileType = file.xib; path = AlbumsCollectionViewCell.xib; sourceTree = "<group>"; };
		3B92A0DD2A094FD200E0FA90 /* Album.swift */ = {isa = PBXFileReference; lastKnownFileType = sourcecode.swift; path = Album.swift; sourceTree = "<group>"; };
		3B92A0DF2A09965B00E0FA90 /* AlbumsViewController.swift */ = {isa = PBXFileReference; lastKnownFileType = sourcecode.swift; path = AlbumsViewController.swift; sourceTree = "<group>"; };
		3BD384DA2A0BB11900D37A52 /* LikedTracksViewController.swift */ = {isa = PBXFileReference; lastKnownFileType = sourcecode.swift; path = LikedTracksViewController.swift; sourceTree = "<group>"; };
		3BE10A6C2A0A79940089771F /* Track.swift */ = {isa = PBXFileReference; lastKnownFileType = sourcecode.swift; path = Track.swift; sourceTree = "<group>"; };
		3BEDB92D2A0AE3C500F87D90 /* TracksCollectionViewCell.swift */ = {isa = PBXFileReference; lastKnownFileType = sourcecode.swift; path = TracksCollectionViewCell.swift; sourceTree = "<group>"; };
		3BEDB92E2A0AE3C500F87D90 /* TracksCollectionViewCell.xib */ = {isa = PBXFileReference; lastKnownFileType = file.xib; path = TracksCollectionViewCell.xib; sourceTree = "<group>"; };
		3BEE706C2A08F7920011E320 /* CardView.swift */ = {isa = PBXFileReference; lastKnownFileType = sourcecode.swift; path = CardView.swift; sourceTree = "<group>"; };
		3BEE70722A0904260011E320 /* Genre.swift */ = {isa = PBXFileReference; lastKnownFileType = sourcecode.swift; path = Genre.swift; sourceTree = "<group>"; };
/* End PBXFileReference section */

/* Begin PBXFrameworksBuildPhase section */
		3B7D2FD92A08EDE400604352 /* Frameworks */ = {
			isa = PBXFrameworksBuildPhase;
			buildActionMask = 2147483647;
			files = (
			);
			runOnlyForDeploymentPostprocessing = 0;
		};
/* End PBXFrameworksBuildPhase section */

/* Begin PBXGroup section */
		3B0EBBD12A0A6FD000706F15 /* Tracks */ = {
			isa = PBXGroup;
			children = (
				3B0EBBD22A0A6FE100706F15 /* TracksViewController.swift */,
			);
			path = Tracks;
			sourceTree = "<group>";
		};
		3B0EBBD42A0A6FFA00706F15 /* Tracks */ = {
			isa = PBXGroup;
			children = (
				3BEDB92D2A0AE3C500F87D90 /* TracksCollectionViewCell.swift */,
				3BEDB92E2A0AE3C500F87D90 /* TracksCollectionViewCell.xib */,
			);
			path = Tracks;
			sourceTree = "<group>";
		};
		3B7D2FD32A08EDE400604352 = {
			isa = PBXGroup;
			children = (
				3B7D2FDE2A08EDE400604352 /* Appcent-Case */,
				3B7D2FDD2A08EDE400604352 /* Products */,
			);
			sourceTree = "<group>";
		};
		3B7D2FDD2A08EDE400604352 /* Products */ = {
			isa = PBXGroup;
			children = (
				3B7D2FDC2A08EDE400604352 /* Appcent-Case.app */,
			);
			name = Products;
			sourceTree = "<group>";
		};
		3B7D2FDE2A08EDE400604352 /* Appcent-Case */ = {
			isa = PBXGroup;
			children = (
				3B92A0D22A093B9700E0FA90 /* View */,
				3BEE70712A09041E0011E320 /* Model */,
				3BEE706E2A0901AA0011E320 /* Service */,
				3B7D2FF62A08F10600604352 /* Cells */,
				3B7D2FDF2A08EDE400604352 /* AppDelegate.swift */,
				3B7D2FE12A08EDE400604352 /* SceneDelegate.swift */,
				3B7D2FE52A08EDE400604352 /* Main.storyboard */,
				3B7D2FEB2A08EDE500604352 /* Assets.xcassets */,
				3B7D2FED2A08EDE500604352 /* LaunchScreen.storyboard */,
				3B7D2FF02A08EDE500604352 /* Info.plist */,
				3B7D2FE82A08EDE400604352 /* Appcent_Case.xcdatamodeld */,
				3BEE706C2A08F7920011E320 /* CardView.swift */,
			);
			path = "Appcent-Case";
			sourceTree = "<group>";
		};
		3B7D2FF62A08F10600604352 /* Cells */ = {
			isa = PBXGroup;
			children = (
				3B0EBBD42A0A6FFA00706F15 /* Tracks */,
				3B92A0D62A093DA900E0FA90 /* Albums */,
				3B7D2FF72A08F11900604352 /* Categories */,
			);
			path = Cells;
			sourceTree = "<group>";
		};
		3B7D2FF72A08F11900604352 /* Categories */ = {
			isa = PBXGroup;
			children = (
				3B7D2FF82A08F13200604352 /* CategoriesCollectionViewCell.swift */,
				3B7D2FF92A08F13200604352 /* CategoriesCollectionViewCell.xib */,
			);
			path = Categories;
			sourceTree = "<group>";
		};
		3B92A0D22A093B9700E0FA90 /* View */ = {
			isa = PBXGroup;
			children = (
				3BD384D92A0BB0BE00D37A52 /* LikedTracks */,
				3B0EBBD12A0A6FD000706F15 /* Tracks */,
				3B92A0D52A093BB800E0FA90 /* Albums */,
				3B92A0D42A093BAC00E0FA90 /* Artists */,
				3B92A0D32A093BA400E0FA90 /* Genres */,
			);
			path = View;
			sourceTree = "<group>";
		};
		3B92A0D32A093BA400E0FA90 /* Genres */ = {
			isa = PBXGroup;
			children = (
				3B7D2FE32A08EDE400604352 /* ViewController.swift */,
			);
			path = Genres;
			sourceTree = "<group>";
		};
		3B92A0D42A093BAC00E0FA90 /* Artists */ = {
			isa = PBXGroup;
			children = (
				3B92A0D02A09269B00E0FA90 /* ArtistViewController.swift */,
			);
			path = Artists;
			sourceTree = "<group>";
		};
		3B92A0D52A093BB800E0FA90 /* Albums */ = {
			isa = PBXGroup;
			children = (
				3B92A0DF2A09965B00E0FA90 /* AlbumsViewController.swift */,
			);
			path = Albums;
			sourceTree = "<group>";
		};
		3B92A0D62A093DA900E0FA90 /* Albums */ = {
			isa = PBXGroup;
			children = (
				3B92A0D72A093DC200E0FA90 /* AlbumsCollectionViewCell.swift */,
				3B92A0D82A093DC200E0FA90 /* AlbumsCollectionViewCell.xib */,
			);
			path = Albums;
			sourceTree = "<group>";
		};
		3BD384D92A0BB0BE00D37A52 /* LikedTracks */ = {
			isa = PBXGroup;
			children = (
				3BD384DA2A0BB11900D37A52 /* LikedTracksViewController.swift */,
			);
			path = LikedTracks;
			sourceTree = "<group>";
		};
		3BEE706E2A0901AA0011E320 /* Service */ = {
			isa = PBXGroup;
			children = (
			);
			path = Service;
			sourceTree = "<group>";
		};
		3BEE70712A09041E0011E320 /* Model */ = {
			isa = PBXGroup;
			children = (
				3BEE70722A0904260011E320 /* Genre.swift */,
				3B92A0DD2A094FD200E0FA90 /* Album.swift */,
				3B0EBBCF2A0A6CE800706F15 /* Artist.swift */,
				3BE10A6C2A0A79940089771F /* Track.swift */,
			);
			path = Model;
			sourceTree = "<group>";
		};
/* End PBXGroup section */

/* Begin PBXNativeTarget section */
		3B7D2FDB2A08EDE400604352 /* Appcent-Case */ = {
			isa = PBXNativeTarget;
			buildConfigurationList = 3B7D2FF32A08EDE500604352 /* Build configuration list for PBXNativeTarget "Appcent-Case" */;
			buildPhases = (
				3B7D2FD82A08EDE400604352 /* Sources */,
				3B7D2FD92A08EDE400604352 /* Frameworks */,
				3B7D2FDA2A08EDE400604352 /* Resources */,
			);
			buildRules = (
			);
			dependencies = (
			);
			name = "Appcent-Case";
			productName = "Appcent-Case";
			productReference = 3B7D2FDC2A08EDE400604352 /* Appcent-Case.app */;
			productType = "com.apple.product-type.application";
		};
/* End PBXNativeTarget section */

/* Begin PBXProject section */
		3B7D2FD42A08EDE400604352 /* Project object */ = {
			isa = PBXProject;
			attributes = {
				BuildIndependentTargetsInParallel = 1;
				LastSwiftUpdateCheck = 1420;
				LastUpgradeCheck = 1420;
				TargetAttributes = {
					3B7D2FDB2A08EDE400604352 = {
						CreatedOnToolsVersion = 14.2;
					};
				};
			};
			buildConfigurationList = 3B7D2FD72A08EDE400604352 /* Build configuration list for PBXProject "Appcent-Case" */;
			compatibilityVersion = "Xcode 14.0";
			developmentRegion = en;
			hasScannedForEncodings = 0;
			knownRegions = (
				en,
				Base,
			);
			mainGroup = 3B7D2FD32A08EDE400604352;
			productRefGroup = 3B7D2FDD2A08EDE400604352 /* Products */;
			projectDirPath = "";
			projectRoot = "";
			targets = (
				3B7D2FDB2A08EDE400604352 /* Appcent-Case */,
			);
		};
/* End PBXProject section */

/* Begin PBXResourcesBuildPhase section */
		3B7D2FDA2A08EDE400604352 /* Resources */ = {
			isa = PBXResourcesBuildPhase;
			buildActionMask = 2147483647;
			files = (
				3BEDB9302A0AE3C500F87D90 /* TracksCollectionViewCell.xib in Resources */,
				3B7D2FFB2A08F13200604352 /* CategoriesCollectionViewCell.xib in Resources */,
				3B7D2FEF2A08EDE500604352 /* LaunchScreen.storyboard in Resources */,
				3B7D2FEC2A08EDE500604352 /* Assets.xcassets in Resources */,
				3B92A0DA2A093DC200E0FA90 /* AlbumsCollectionViewCell.xib in Resources */,
				3B7D2FE72A08EDE400604352 /* Main.storyboard in Resources */,
			);
			runOnlyForDeploymentPostprocessing = 0;
		};
/* End PBXResourcesBuildPhase section */

/* Begin PBXSourcesBuildPhase section */
		3B7D2FD82A08EDE400604352 /* Sources */ = {
			isa = PBXSourcesBuildPhase;
			buildActionMask = 2147483647;
			files = (
				3B7D2FE42A08EDE400604352 /* ViewController.swift in Sources */,
				3BEDB92F2A0AE3C500F87D90 /* TracksCollectionViewCell.swift in Sources */,
				3B7D2FE02A08EDE400604352 /* AppDelegate.swift in Sources */,
				3B92A0D92A093DC200E0FA90 /* AlbumsCollectionViewCell.swift in Sources */,
				3B92A0E02A09965B00E0FA90 /* AlbumsViewController.swift in Sources */,
				3B7D2FE22A08EDE400604352 /* SceneDelegate.swift in Sources */,
				3B92A0D12A09269B00E0FA90 /* ArtistViewController.swift in Sources */,
				3B0EBBD02A0A6CE800706F15 /* Artist.swift in Sources */,
				3B7D2FEA2A08EDE400604352 /* Appcent_Case.xcdatamodeld in Sources */,
				3B0EBBD32A0A6FE100706F15 /* TracksViewController.swift in Sources */,
				3BD384DB2A0BB11900D37A52 /* LikedTracksViewController.swift in Sources */,
				3BEE706D2A08F7920011E320 /* CardView.swift in Sources */,
				3BE10A6D2A0A79940089771F /* Track.swift in Sources */,
				3B7D2FFA2A08F13200604352 /* CategoriesCollectionViewCell.swift in Sources */,
				3B92A0DE2A094FD200E0FA90 /* Album.swift in Sources */,
				3BEE70732A0904260011E320 /* Genre.swift in Sources */,
			);
			runOnlyForDeploymentPostprocessing = 0;
		};
/* End PBXSourcesBuildPhase section */

/* Begin PBXVariantGroup section */
		3B7D2FE52A08EDE400604352 /* Main.storyboard */ = {
			isa = PBXVariantGroup;
			children = (
				3B7D2FE62A08EDE400604352 /* Base */,
			);
			name = Main.storyboard;
			sourceTree = "<group>";
		};
		3B7D2FED2A08EDE500604352 /* LaunchScreen.storyboard */ = {
			isa = PBXVariantGroup;
			children = (
				3B7D2FEE2A08EDE500604352 /* Base */,
			);
			name = LaunchScreen.storyboard;
			sourceTree = "<group>";
		};
/* End PBXVariantGroup section */

/* Begin XCBuildConfiguration section */
		3B7D2FF12A08EDE500604352 /* Debug */ = {
			isa = XCBuildConfiguration;
			buildSettings = {
				ALWAYS_SEARCH_USER_PATHS = NO;
				CLANG_ANALYZER_NONNULL = YES;
				CLANG_ANALYZER_NUMBER_OBJECT_CONVERSION = YES_AGGRESSIVE;
				CLANG_CXX_LANGUAGE_STANDARD = "gnu++20";
				CLANG_ENABLE_MODULES = YES;
				CLANG_ENABLE_OBJC_ARC = YES;
				CLANG_ENABLE_OBJC_WEAK = YES;
				CLANG_WARN_BLOCK_CAPTURE_AUTORELEASING = YES;
				CLANG_WARN_BOOL_CONVERSION = YES;
				CLANG_WARN_COMMA = YES;
				CLANG_WARN_CONSTANT_CONVERSION = YES;
				CLANG_WARN_DEPRECATED_OBJC_IMPLEMENTATIONS = YES;
				CLANG_WARN_DIRECT_OBJC_ISA_USAGE = YES_ERROR;
				CLANG_WARN_DOCUMENTATION_COMMENTS = YES;
				CLANG_WARN_EMPTY_BODY = YES;
				CLANG_WARN_ENUM_CONVERSION = YES;
				CLANG_WARN_INFINITE_RECURSION = YES;
				CLANG_WARN_INT_CONVERSION = YES;
				CLANG_WARN_NON_LITERAL_NULL_CONVERSION = YES;
				CLANG_WARN_OBJC_IMPLICIT_RETAIN_SELF = YES;
				CLANG_WARN_OBJC_LITERAL_CONVERSION = YES;
				CLANG_WARN_OBJC_ROOT_CLASS = YES_ERROR;
				CLANG_WARN_QUOTED_INCLUDE_IN_FRAMEWORK_HEADER = YES;
				CLANG_WARN_RANGE_LOOP_ANALYSIS = YES;
				CLANG_WARN_STRICT_PROTOTYPES = YES;
				CLANG_WARN_SUSPICIOUS_MOVE = YES;
				CLANG_WARN_UNGUARDED_AVAILABILITY = YES_AGGRESSIVE;
				CLANG_WARN_UNREACHABLE_CODE = YES;
				CLANG_WARN__DUPLICATE_METHOD_MATCH = YES;
				COPY_PHASE_STRIP = NO;
				DEBUG_INFORMATION_FORMAT = dwarf;
				ENABLE_STRICT_OBJC_MSGSEND = YES;
				ENABLE_TESTABILITY = YES;
				GCC_C_LANGUAGE_STANDARD = gnu11;
				GCC_DYNAMIC_NO_PIC = NO;
				GCC_NO_COMMON_BLOCKS = YES;
				GCC_OPTIMIZATION_LEVEL = 0;
				GCC_PREPROCESSOR_DEFINITIONS = (
					"DEBUG=1",
					"$(inherited)",
				);
				GCC_WARN_64_TO_32_BIT_CONVERSION = YES;
				GCC_WARN_ABOUT_RETURN_TYPE = YES_ERROR;
				GCC_WARN_UNDECLARED_SELECTOR = YES;
				GCC_WARN_UNINITIALIZED_AUTOS = YES_AGGRESSIVE;
				GCC_WARN_UNUSED_FUNCTION = YES;
				GCC_WARN_UNUSED_VARIABLE = YES;
				IPHONEOS_DEPLOYMENT_TARGET = 16.2;
				MTL_ENABLE_DEBUG_INFO = INCLUDE_SOURCE;
				MTL_FAST_MATH = YES;
				ONLY_ACTIVE_ARCH = YES;
				SDKROOT = iphoneos;
				SWIFT_ACTIVE_COMPILATION_CONDITIONS = DEBUG;
				SWIFT_OPTIMIZATION_LEVEL = "-Onone";
			};
			name = Debug;
		};
		3B7D2FF22A08EDE500604352 /* Release */ = {
			isa = XCBuildConfiguration;
			buildSettings = {
				ALWAYS_SEARCH_USER_PATHS = NO;
				CLANG_ANALYZER_NONNULL = YES;
				CLANG_ANALYZER_NUMBER_OBJECT_CONVERSION = YES_AGGRESSIVE;
				CLANG_CXX_LANGUAGE_STANDARD = "gnu++20";
				CLANG_ENABLE_MODULES = YES;
				CLANG_ENABLE_OBJC_ARC = YES;
				CLANG_ENABLE_OBJC_WEAK = YES;
				CLANG_WARN_BLOCK_CAPTURE_AUTORELEASING = YES;
				CLANG_WARN_BOOL_CONVERSION = YES;
				CLANG_WARN_COMMA = YES;
				CLANG_WARN_CONSTANT_CONVERSION = YES;
				CLANG_WARN_DEPRECATED_OBJC_IMPLEMENTATIONS = YES;
				CLANG_WARN_DIRECT_OBJC_ISA_USAGE = YES_ERROR;
				CLANG_WARN_DOCUMENTATION_COMMENTS = YES;
				CLANG_WARN_EMPTY_BODY = YES;
				CLANG_WARN_ENUM_CONVERSION = YES;
				CLANG_WARN_INFINITE_RECURSION = YES;
				CLANG_WARN_INT_CONVERSION = YES;
				CLANG_WARN_NON_LITERAL_NULL_CONVERSION = YES;
				CLANG_WARN_OBJC_IMPLICIT_RETAIN_SELF = YES;
				CLANG_WARN_OBJC_LITERAL_CONVERSION = YES;
				CLANG_WARN_OBJC_ROOT_CLASS = YES_ERROR;
				CLANG_WARN_QUOTED_INCLUDE_IN_FRAMEWORK_HEADER = YES;
				CLANG_WARN_RANGE_LOOP_ANALYSIS = YES;
				CLANG_WARN_STRICT_PROTOTYPES = YES;
				CLANG_WARN_SUSPICIOUS_MOVE = YES;
				CLANG_WARN_UNGUARDED_AVAILABILITY = YES_AGGRESSIVE;
				CLANG_WARN_UNREACHABLE_CODE = YES;
				CLANG_WARN__DUPLICATE_METHOD_MATCH = YES;
				COPY_PHASE_STRIP = NO;
				DEBUG_INFORMATION_FORMAT = "dwarf-with-dsym";
				ENABLE_NS_ASSERTIONS = NO;
				ENABLE_STRICT_OBJC_MSGSEND = YES;
				GCC_C_LANGUAGE_STANDARD = gnu11;
				GCC_NO_COMMON_BLOCKS = YES;
				GCC_WARN_64_TO_32_BIT_CONVERSION = YES;
				GCC_WARN_ABOUT_RETURN_TYPE = YES_ERROR;
				GCC_WARN_UNDECLARED_SELECTOR = YES;
				GCC_WARN_UNINITIALIZED_AUTOS = YES_AGGRESSIVE;
				GCC_WARN_UNUSED_FUNCTION = YES;
				GCC_WARN_UNUSED_VARIABLE = YES;
				IPHONEOS_DEPLOYMENT_TARGET = 16.2;
				MTL_ENABLE_DEBUG_INFO = NO;
				MTL_FAST_MATH = YES;
				SDKROOT = iphoneos;
				SWIFT_COMPILATION_MODE = wholemodule;
				SWIFT_OPTIMIZATION_LEVEL = "-O";
				VALIDATE_PRODUCT = YES;
			};
			name = Release;
		};
		3B7D2FF42A08EDE500604352 /* Debug */ = {
			isa = XCBuildConfiguration;
			buildSettings = {
				ASSETCATALOG_COMPILER_APPICON_NAME = AppIcon;
				ASSETCATALOG_COMPILER_GLOBAL_ACCENT_COLOR_NAME = AccentColor;
				CODE_SIGN_STYLE = Automatic;
				CURRENT_PROJECT_VERSION = 1;
				DEVELOPMENT_TEAM = Z548538D96;
				GENERATE_INFOPLIST_FILE = YES;
				INFOPLIST_FILE = "Appcent-Case/Info.plist";
				INFOPLIST_KEY_UIApplicationSupportsIndirectInputEvents = YES;
				INFOPLIST_KEY_UILaunchStoryboardName = LaunchScreen;
				INFOPLIST_KEY_UIMainStoryboardFile = Main;
				INFOPLIST_KEY_UISupportedInterfaceOrientations_iPad = "UIInterfaceOrientationPortrait UIInterfaceOrientationPortraitUpsideDown UIInterfaceOrientationLandscapeLeft UIInterfaceOrientationLandscapeRight";
				INFOPLIST_KEY_UISupportedInterfaceOrientations_iPhone = "UIInterfaceOrientationPortrait UIInterfaceOrientationLandscapeLeft UIInterfaceOrientationLandscapeRight";
				LD_RUNPATH_SEARCH_PATHS = (
					"$(inherited)",
					"@executable_path/Frameworks",
				);
				MARKETING_VERSION = 1.0;
				PRODUCT_BUNDLE_IDENTIFIER = "info.Appcent-Case";
				PRODUCT_NAME = "$(TARGET_NAME)";
				SUPPORTED_PLATFORMS = "iphoneos iphonesimulator";
				SUPPORTS_MACCATALYST = NO;
				SUPPORTS_MAC_DESIGNED_FOR_IPHONE_IPAD = NO;
				SWIFT_EMIT_LOC_STRINGS = YES;
				SWIFT_VERSION = 5.0;
				TARGETED_DEVICE_FAMILY = 1;
			};
			name = Debug;
		};
		3B7D2FF52A08EDE500604352 /* Release */ = {
			isa = XCBuildConfiguration;
			buildSettings = {
				ASSETCATALOG_COMPILER_APPICON_NAME = AppIcon;
				ASSETCATALOG_COMPILER_GLOBAL_ACCENT_COLOR_NAME = AccentColor;
				CODE_SIGN_STYLE = Automatic;
				CURRENT_PROJECT_VERSION = 1;
				DEVELOPMENT_TEAM = Z548538D96;
				GENERATE_INFOPLIST_FILE = YES;
				INFOPLIST_FILE = "Appcent-Case/Info.plist";
				INFOPLIST_KEY_UIApplicationSupportsIndirectInputEvents = YES;
				INFOPLIST_KEY_UILaunchStoryboardName = LaunchScreen;
				INFOPLIST_KEY_UIMainStoryboardFile = Main;
				INFOPLIST_KEY_UISupportedInterfaceOrientations_iPad = "UIInterfaceOrientationPortrait UIInterfaceOrientationPortraitUpsideDown UIInterfaceOrientationLandscapeLeft UIInterfaceOrientationLandscapeRight";
				INFOPLIST_KEY_UISupportedInterfaceOrientations_iPhone = "UIInterfaceOrientationPortrait UIInterfaceOrientationLandscapeLeft UIInterfaceOrientationLandscapeRight";
				LD_RUNPATH_SEARCH_PATHS = (
					"$(inherited)",
					"@executable_path/Frameworks",
				);
				MARKETING_VERSION = 1.0;
				PRODUCT_BUNDLE_IDENTIFIER = "info.Appcent-Case";
				PRODUCT_NAME = "$(TARGET_NAME)";
				SUPPORTED_PLATFORMS = "iphoneos iphonesimulator";
				SUPPORTS_MACCATALYST = NO;
				SUPPORTS_MAC_DESIGNED_FOR_IPHONE_IPAD = NO;
				SWIFT_EMIT_LOC_STRINGS = YES;
				SWIFT_VERSION = 5.0;
				TARGETED_DEVICE_FAMILY = 1;
			};
			name = Release;
		};
/* End XCBuildConfiguration section */

/* Begin XCConfigurationList section */
		3B7D2FD72A08EDE400604352 /* Build configuration list for PBXProject "Appcent-Case" */ = {
			isa = XCConfigurationList;
			buildConfigurations = (
				3B7D2FF12A08EDE500604352 /* Debug */,
				3B7D2FF22A08EDE500604352 /* Release */,
			);
			defaultConfigurationIsVisible = 0;
			defaultConfigurationName = Release;
		};
		3B7D2FF32A08EDE500604352 /* Build configuration list for PBXNativeTarget "Appcent-Case" */ = {
			isa = XCConfigurationList;
			buildConfigurations = (
				3B7D2FF42A08EDE500604352 /* Debug */,
				3B7D2FF52A08EDE500604352 /* Release */,
			);
			defaultConfigurationIsVisible = 0;
			defaultConfigurationName = Release;
		};
/* End XCConfigurationList section */

/* Begin XCVersionGroup section */
		3B7D2FE82A08EDE400604352 /* Appcent_Case.xcdatamodeld */ = {
			isa = XCVersionGroup;
			children = (
				3B7D2FE92A08EDE400604352 /* Appcent_Case.xcdatamodel */,
			);
			currentVersion = 3B7D2FE92A08EDE400604352 /* Appcent_Case.xcdatamodel */;
			path = Appcent_Case.xcdatamodeld;
			sourceTree = "<group>";
			versionGroupType = wrapper.xcdatamodel;
		};
/* End XCVersionGroup section */
	};
	rootObject = 3B7D2FD42A08EDE400604352 /* Project object */;
}
